
Microsoft Visual Studio Solution File, Format Version 12.00
# Visual Studio Version 17
VisualStudioVersion = 17.9.34728.123
MinimumVisualStudioVersion = 10.0.40219.1
Project("{FAE04EC0-301F-11D3-BF4B-00C04F79EFBC}") = "Introducao_Linq", "Introducao_Linq\Introducao_Linq.csproj", "{60DED657-57F0-488D-A171-F23535041AD0}"
EndProject
Project("{FAE04EC0-301F-11D3-BF4B-00C04F79EFBC}") = "Introducao_Linq2", "Introducao_Linq2\Introducao_Linq2.csproj", "{B75808FA-47AF-4218-8A09-72620161CD9E}"
EndProject
Global
	GlobalSection(SolutionConfigurationPlatforms) = preSolution
		Debug|Any CPU = Debug|Any CPU
		Release|Any CPU = Release|Any CPU
	EndGlobalSection
	GlobalSection(ProjectConfigurationPlatforms) = postSolution
		{60DED657-57F0-488D-A171-F23535041AD0}.Debug|Any CPU.ActiveCfg = Debug|Any CPU
		{60DED657-57F0-488D-A171-F23535041AD0}.Debug|Any CPU.Build.0 = Debug|Any CPU
		{60DED657-57F0-488D-A171-F23535041AD0}.Release|Any CPU.ActiveCfg = Release|Any CPU
		{60DED657-57F0-488D-A171-F23535041AD0}.Release|Any CPU.Build.0 = Release|Any CPU
		{B75808FA-47AF-4218-8A09-72620161CD9E}.Debug|Any CPU.ActiveCfg = Debug|Any CPU
		{B75808FA-47AF-4218-8A09-72620161CD9E}.Debug|Any CPU.Build.0 = Debug|Any CPU
		{B75808FA-47AF-4218-8A09-72620161CD9E}.Release|Any CPU.ActiveCfg = Release|Any CPU
		{B75808FA-47AF-4218-8A09-72620161CD9E}.Release|Any CPU.Build.0 = Release|Any CPU
	EndGlobalSection
	GlobalSection(SolutionProperties) = preSolution
		HideSolutionNode = FALSE
	EndGlobalSection
	GlobalSection(ExtensibilityGlobals) = postSolution
		SolutionGuid = {A82810F1-EC20-4137-80D5-241B65A79A74}
	EndGlobalSection
EndGlobal
